
Microsoft Visual Studio Solution File, Format Version 12.00
# Visual Studio 15
VisualStudioVersion = 15.0.28010.2016
MinimumVisualStudioVersion = 10.0.40219.1
Project("{FAE04EC0-301F-11D3-BF4B-00C04F79EFBC}") = "EdgeDetection", "EdgeDetection\EdgeDetection.csproj", "{970E398E-1FB8-4972-9E72-5CA5BDEC5030}"
EndProject
Global
	GlobalSection(SolutionConfigurationPlatforms) = preSolution
		Debug|Any CPU = Debug|Any CPU
		Release|Any CPU = Release|Any CPU
	EndGlobalSection
	GlobalSection(ProjectConfigurationPlatforms) = postSolution
		{970E398E-1FB8-4972-9E72-5CA5BDEC5030}.Debug|Any CPU.ActiveCfg = Debug|Any CPU
		{970E398E-1FB8-4972-9E72-5CA5BDEC5030}.Debug|Any CPU.Build.0 = Debug|Any CPU
		{970E398E-1FB8-4972-9E72-5CA5BDEC5030}.Release|Any CPU.ActiveCfg = Release|Any CPU
		{970E398E-1FB8-4972-9E72-5CA5BDEC5030}.Release|Any CPU.Build.0 = Release|Any CPU
	EndGlobalSection
	GlobalSection(SolutionProperties) = preSolution
		HideSolutionNode = FALSE
	EndGlobalSection
	GlobalSection(ExtensibilityGlobals) = postSolution
		SolutionGuid = {D2D98666-20C6-4015-815F-497590DD3916}
	EndGlobalSection
EndGlobal
